
Microsoft Visual Studio Solution File, Format Version 12.00
# Visual Studio Version 16
VisualStudioVersion = 16.0.33801.447
MinimumVisualStudioVersion = 10.0.40219.1
Project("{FAE04EC0-301F-11D3-BF4B-00C04F79EFBC}") = "NumberGames", "NumberGames\NumberGames.csproj", "{EB4B8B69-B862-47E5-9AFE-E8F8F5E1ED29}"
EndProject
Global
	GlobalSection(SolutionConfigurationPlatforms) = preSolution
		Debug|Any CPU = Debug|Any CPU
		Release|Any CPU = Release|Any CPU
	EndGlobalSection
	GlobalSection(ProjectConfigurationPlatforms) = postSolution
		{EB4B8B69-B862-47E5-9AFE-E8F8F5E1ED29}.Debug|Any CPU.ActiveCfg = Debug|Any CPU
		{EB4B8B69-B862-47E5-9AFE-E8F8F5E1ED29}.Debug|Any CPU.Build.0 = Debug|Any CPU
		{EB4B8B69-B862-47E5-9AFE-E8F8F5E1ED29}.Release|Any CPU.ActiveCfg = Release|Any CPU
		{EB4B8B69-B862-47E5-9AFE-E8F8F5E1ED29}.Release|Any CPU.Build.0 = Release|Any CPU
	EndGlobalSection
	GlobalSection(SolutionProperties) = preSolution
		HideSolutionNode = FALSE
	EndGlobalSection
	GlobalSection(ExtensibilityGlobals) = postSolution
		SolutionGuid = {DD93BFFB-0A6A-48A4-8D07-9042367473CC}
	EndGlobalSection
EndGlobal
